{
  "lockfileVersion": 1,
  "workspaces": {
    "": {
      "name": "app",
      "dependencies": {
        "@hotwired/stimulus": "3.2.2",
        "@hotwired/turbo-rails": "8.0.13",
        "@parcel/watcher": "2.5.1",
        "@shopify/draggable": "1.1.4",
        "@tailwindcss/cli": "^4.1.11",
        "microsoft-cognitiveservices-speech-sdk": "1.43.1",
        "motion": "12.17.0",
        "sortablejs": "1.15.6",
        "swiper": "11.2.8",
        "tailwindcss": "^4.1.4",
        "youtube-player": "5.6.0",
      },
      "devDependencies": {
        "esbuild": "0.25.3",
      },
    },
  },
  "packages": {
    "@ampproject/remapping": ["@ampproject/remapping@2.3.0", "", { "dependencies": { "@jridgewell/gen-mapping": "^0.3.5", "@jridgewell/trace-mapping": "^0.3.24" } }, "sha512-30iZtAPgz+LTIYoeivqYo853f02jBYSd5uGnGpkFV0M3xOt9aN73erkgYAmZU43x4VfqcnLxW9Kpg3R5LC4YYw=="],

    "@esbuild/darwin-arm64": ["@esbuild/darwin-arm64@0.25.3", "", { "os": "darwin", "cpu": "arm64" }, ""],

    "@hotwired/stimulus": ["@hotwired/stimulus@3.2.2", "", {}, ""],

    "@hotwired/turbo": ["@hotwired/turbo@8.0.13", "", {}, ""],

    "@hotwired/turbo-rails": ["@hotwired/turbo-rails@8.0.13", "", { "dependencies": { "@hotwired/turbo": "^8.0.13", "@rails/actioncable": "^7.0" } }, ""],

    "@isaacs/fs-minipass": ["@isaacs/fs-minipass@4.0.1", "", { "dependencies": { "minipass": "^7.0.4" } }, "sha512-wgm9Ehl2jpeqP3zw/7mo3kRHFp5MEDhqAdwy1fTGkHAwnkGOVsgpvQhL8B5n1qlb01jV3n/bI0ZfZp5lWA1k4w=="],

    "@jridgewell/gen-mapping": ["@jridgewell/gen-mapping@0.3.12", "", { "dependencies": { "@jridgewell/sourcemap-codec": "^1.5.0", "@jridgewell/trace-mapping": "^0.3.24" } }, "sha512-OuLGC46TjB5BbN1dH8JULVVZY4WTdkF7tV9Ys6wLL1rubZnCMstOhNHueU5bLCrnRuDhKPDM4g6sw4Bel5Gzqg=="],

    "@jridgewell/resolve-uri": ["@jridgewell/resolve-uri@3.1.2", "", {}, "sha512-bRISgCIjP20/tbWSPWMEi54QVPRZExkuD9lJL+UIxUKtwVJA8wW1Trb1jMs1RFXo1CBTNZ/5hpC9QvmKWdopKw=="],

    "@jridgewell/sourcemap-codec": ["@jridgewell/sourcemap-codec@1.5.4", "", {}, "sha512-VT2+G1VQs/9oz078bLrYbecdZKs912zQlkelYpuf+SXF+QvZDYJlbx/LSx+meSAwdDFnF8FVXW92AVjjkVmgFw=="],

    "@jridgewell/trace-mapping": ["@jridgewell/trace-mapping@0.3.29", "", { "dependencies": { "@jridgewell/resolve-uri": "^3.1.0", "@jridgewell/sourcemap-codec": "^1.4.14" } }, "sha512-uw6guiW/gcAGPDhLmd77/6lW8QLeiV5RUTsAX46Db6oLhGaVj4lhnPwb184s1bkc8kdVg/+h988dro8GRDpmYQ=="],

    "@parcel/watcher": ["@parcel/watcher@2.5.1", "", { "dependencies": { "detect-libc": "^1.0.3", "is-glob": "^4.0.3", "micromatch": "^4.0.5", "node-addon-api": "^7.0.0" }, "optionalDependencies": { "@parcel/watcher-android-arm64": "2.5.1", "@parcel/watcher-darwin-arm64": "2.5.1", "@parcel/watcher-darwin-x64": "2.5.1", "@parcel/watcher-freebsd-x64": "2.5.1", "@parcel/watcher-linux-arm-glibc": "2.5.1", "@parcel/watcher-linux-arm-musl": "2.5.1", "@parcel/watcher-linux-arm64-glibc": "2.5.1", "@parcel/watcher-linux-arm64-musl": "2.5.1", "@parcel/watcher-linux-x64-glibc": "2.5.1", "@parcel/watcher-linux-x64-musl": "2.5.1", "@parcel/watcher-win32-arm64": "2.5.1", "@parcel/watcher-win32-ia32": "2.5.1", "@parcel/watcher-win32-x64": "2.5.1" } }, "sha512-dfUnCxiN9H4ap84DvD2ubjw+3vUNpstxa0TneY/Paat8a3R4uQZDLSvWjmznAY/DoahqTHl9V46HF/Zs3F29pg=="],

    "@parcel/watcher-android-arm64": ["@parcel/watcher-android-arm64@2.5.1", "", { "os": "android", "cpu": "arm64" }, "sha512-KF8+j9nNbUN8vzOFDpRMsaKBHZ/mcjEjMToVMJOhTozkDonQFFrRcfdLWn6yWKCmJKmdVxSgHiYvTCef4/qcBA=="],

    "@parcel/watcher-darwin-arm64": ["@parcel/watcher-darwin-arm64@2.5.1", "", { "os": "darwin", "cpu": "arm64" }, ""],

    "@parcel/watcher-darwin-x64": ["@parcel/watcher-darwin-x64@2.5.1", "", { "os": "darwin", "cpu": "x64" }, "sha512-1ZXDthrnNmwv10A0/3AJNZ9JGlzrF82i3gNQcWOzd7nJ8aj+ILyW1MTxVk35Db0u91oD5Nlk9MBiujMlwmeXZg=="],

    "@parcel/watcher-freebsd-x64": ["@parcel/watcher-freebsd-x64@2.5.1", "", { "os": "freebsd", "cpu": "x64" }, "sha512-SI4eljM7Flp9yPuKi8W0ird8TI/JK6CSxju3NojVI6BjHsTyK7zxA9urjVjEKJ5MBYC+bLmMcbAWlZ+rFkLpJQ=="],

    "@parcel/watcher-linux-arm-glibc": ["@parcel/watcher-linux-arm-glibc@2.5.1", "", { "os": "linux", "cpu": "arm" }, "sha512-RCdZlEyTs8geyBkkcnPWvtXLY44BCeZKmGYRtSgtwwnHR4dxfHRG3gR99XdMEdQ7KeiDdasJwwvNSF5jKtDwdA=="],

    "@parcel/watcher-linux-arm-musl": ["@parcel/watcher-linux-arm-musl@2.5.1", "", { "os": "linux", "cpu": "arm" }, "sha512-6E+m/Mm1t1yhB8X412stiKFG3XykmgdIOqhjWj+VL8oHkKABfu/gjFj8DvLrYVHSBNC+/u5PeNrujiSQ1zwd1Q=="],

    "@parcel/watcher-linux-arm64-glibc": ["@parcel/watcher-linux-arm64-glibc@2.5.1", "", { "os": "linux", "cpu": "arm64" }, "sha512-LrGp+f02yU3BN9A+DGuY3v3bmnFUggAITBGriZHUREfNEzZh/GO06FF5u2kx8x+GBEUYfyTGamol4j3m9ANe8w=="],

    "@parcel/watcher-linux-arm64-musl": ["@parcel/watcher-linux-arm64-musl@2.5.1", "", { "os": "linux", "cpu": "arm64" }, "sha512-cFOjABi92pMYRXS7AcQv9/M1YuKRw8SZniCDw0ssQb/noPkRzA+HBDkwmyOJYp5wXcsTrhxO0zq1U11cK9jsFg=="],

    "@parcel/watcher-linux-x64-glibc": ["@parcel/watcher-linux-x64-glibc@2.5.1", "", { "os": "linux", "cpu": "x64" }, "sha512-GcESn8NZySmfwlTsIur+49yDqSny2IhPeZfXunQi48DMugKeZ7uy1FX83pO0X22sHntJ4Ub+9k34XQCX+oHt2A=="],

    "@parcel/watcher-linux-x64-musl": ["@parcel/watcher-linux-x64-musl@2.5.1", "", { "os": "linux", "cpu": "x64" }, "sha512-n0E2EQbatQ3bXhcH2D1XIAANAcTZkQICBPVaxMeaCVBtOpBZpWJuf7LwyWPSBDITb7In8mqQgJ7gH8CILCURXg=="],

    "@parcel/watcher-win32-arm64": ["@parcel/watcher-win32-arm64@2.5.1", "", { "os": "win32", "cpu": "arm64" }, "sha512-RFzklRvmc3PkjKjry3hLF9wD7ppR4AKcWNzH7kXR7GUe0Igb3Nz8fyPwtZCSquGrhU5HhUNDr/mKBqj7tqA2Vw=="],

    "@parcel/watcher-win32-ia32": ["@parcel/watcher-win32-ia32@2.5.1", "", { "os": "win32", "cpu": "ia32" }, "sha512-c2KkcVN+NJmuA7CGlaGD1qJh1cLfDnQsHjE89E60vUEMlqduHGCdCLJCID5geFVM0dOtA3ZiIO8BoEQmzQVfpQ=="],

    "@parcel/watcher-win32-x64": ["@parcel/watcher-win32-x64@2.5.1", "", { "os": "win32", "cpu": "x64" }, "sha512-9lHBdJITeNR++EvSQVUcaZoWupyHfXe1jZvGZ06O/5MflPcuPLtEphScIBL+AiCWBO46tDSHzWyD0uDmmZqsgA=="],

    "@rails/actioncable": ["@rails/actioncable@7.2.201", "", {}, ""],

    "@shopify/draggable": ["@shopify/draggable@1.1.4", "", {}, "sha512-EkXxBtQH119pGpLWhhhIPEdaeirGcVwkh6Nft1nqbMdM4N6b4r4v9wCmR1/r2gjTwu888I6qGI0VSlhoYivbYw=="],

    "@tailwindcss/cli": ["@tailwindcss/cli@4.1.11", "", { "dependencies": { "@parcel/watcher": "^2.5.1", "@tailwindcss/node": "4.1.11", "@tailwindcss/oxide": "4.1.11", "enhanced-resolve": "^5.18.1", "mri": "^1.2.0", "picocolors": "^1.1.1", "tailwindcss": "4.1.11" }, "bin": { "tailwindcss": "dist/index.mjs" } }, "sha512-7RAFOrVaXCFz5ooEG36Kbh+sMJiI2j4+Ozp71smgjnLfBRu7DTfoq8DsTvzse2/6nDeo2M3vS/FGaxfDgr3rtQ=="],

    "@tailwindcss/node": ["@tailwindcss/node@4.1.11", "", { "dependencies": { "@ampproject/remapping": "^2.3.0", "enhanced-resolve": "^5.18.1", "jiti": "^2.4.2", "lightningcss": "1.30.1", "magic-string": "^0.30.17", "source-map-js": "^1.2.1", "tailwindcss": "4.1.11" } }, "sha512-yzhzuGRmv5QyU9qLNg4GTlYI6STedBWRE7NjxP45CsFYYq9taI0zJXZBMqIC/c8fViNLhmrbpSFS57EoxUmD6Q=="],

    "@tailwindcss/oxide": ["@tailwindcss/oxide@4.1.11", "", { "dependencies": { "detect-libc": "^2.0.4", "tar": "^7.4.3" }, "optionalDependencies": { "@tailwindcss/oxide-android-arm64": "4.1.11", "@tailwindcss/oxide-darwin-arm64": "4.1.11", "@tailwindcss/oxide-darwin-x64": "4.1.11", "@tailwindcss/oxide-freebsd-x64": "4.1.11", "@tailwindcss/oxide-linux-arm-gnueabihf": "4.1.11", "@tailwindcss/oxide-linux-arm64-gnu": "4.1.11", "@tailwindcss/oxide-linux-arm64-musl": "4.1.11", "@tailwindcss/oxide-linux-x64-gnu": "4.1.11", "@tailwindcss/oxide-linux-x64-musl": "4.1.11", "@tailwindcss/oxide-wasm32-wasi": "4.1.11", "@tailwindcss/oxide-win32-arm64-msvc": "4.1.11", "@tailwindcss/oxide-win32-x64-msvc": "4.1.11" } }, "sha512-Q69XzrtAhuyfHo+5/HMgr1lAiPP/G40OMFAnws7xcFEYqcypZmdW8eGXaOUIeOl1dzPJBPENXgbjsOyhg2nkrg=="],

    "@tailwindcss/oxide-android-arm64": ["@tailwindcss/oxide-android-arm64@4.1.11", "", { "os": "android", "cpu": "arm64" }, "sha512-3IfFuATVRUMZZprEIx9OGDjG3Ou3jG4xQzNTvjDoKmU9JdmoCohQJ83MYd0GPnQIu89YoJqvMM0G3uqLRFtetg=="],

    "@tailwindcss/oxide-darwin-arm64": ["@tailwindcss/oxide-darwin-arm64@4.1.11", "", { "os": "darwin", "cpu": "arm64" }, "sha512-ESgStEOEsyg8J5YcMb1xl8WFOXfeBmrhAwGsFxxB2CxY9evy63+AtpbDLAyRkJnxLy2WsD1qF13E97uQyP1lfQ=="],

    "@tailwindcss/oxide-darwin-x64": ["@tailwindcss/oxide-darwin-x64@4.1.11", "", { "os": "darwin", "cpu": "x64" }, "sha512-EgnK8kRchgmgzG6jE10UQNaH9Mwi2n+yw1jWmof9Vyg2lpKNX2ioe7CJdf9M5f8V9uaQxInenZkOxnTVL3fhAw=="],

    "@tailwindcss/oxide-freebsd-x64": ["@tailwindcss/oxide-freebsd-x64@4.1.11", "", { "os": "freebsd", "cpu": "x64" }, "sha512-xdqKtbpHs7pQhIKmqVpxStnY1skuNh4CtbcyOHeX1YBE0hArj2romsFGb6yUmzkq/6M24nkxDqU8GYrKrz+UcA=="],

    "@tailwindcss/oxide-linux-arm-gnueabihf": ["@tailwindcss/oxide-linux-arm-gnueabihf@4.1.11", "", { "os": "linux", "cpu": "arm" }, "sha512-ryHQK2eyDYYMwB5wZL46uoxz2zzDZsFBwfjssgB7pzytAeCCa6glsiJGjhTEddq/4OsIjsLNMAiMlHNYnkEEeg=="],

    "@tailwindcss/oxide-linux-arm64-gnu": ["@tailwindcss/oxide-linux-arm64-gnu@4.1.11", "", { "os": "linux", "cpu": "arm64" }, "sha512-mYwqheq4BXF83j/w75ewkPJmPZIqqP1nhoghS9D57CLjsh3Nfq0m4ftTotRYtGnZd3eCztgbSPJ9QhfC91gDZQ=="],

    "@tailwindcss/oxide-linux-arm64-musl": ["@tailwindcss/oxide-linux-arm64-musl@4.1.11", "", { "os": "linux", "cpu": "arm64" }, "sha512-m/NVRFNGlEHJrNVk3O6I9ggVuNjXHIPoD6bqay/pubtYC9QIdAMpS+cswZQPBLvVvEF6GtSNONbDkZrjWZXYNQ=="],

    "@tailwindcss/oxide-linux-x64-gnu": ["@tailwindcss/oxide-linux-x64-gnu@4.1.11", "", { "os": "linux", "cpu": "x64" }, "sha512-YW6sblI7xukSD2TdbbaeQVDysIm/UPJtObHJHKxDEcW2exAtY47j52f8jZXkqE1krdnkhCMGqP3dbniu1Te2Fg=="],

    "@tailwindcss/oxide-linux-x64-musl": ["@tailwindcss/oxide-linux-x64-musl@4.1.11", "", { "os": "linux", "cpu": "x64" }, "sha512-e3C/RRhGunWYNC3aSF7exsQkdXzQ/M+aYuZHKnw4U7KQwTJotnWsGOIVih0s2qQzmEzOFIJ3+xt7iq67K/p56Q=="],

    "@tailwindcss/oxide-wasm32-wasi": ["@tailwindcss/oxide-wasm32-wasi@4.1.11", "", { "cpu": "none" }, "sha512-Xo1+/GU0JEN/C/dvcammKHzeM6NqKovG+6921MR6oadee5XPBaKOumrJCXvopJ/Qb5TH7LX/UAywbqrP4lax0g=="],

    "@tailwindcss/oxide-win32-arm64-msvc": ["@tailwindcss/oxide-win32-arm64-msvc@4.1.11", "", { "os": "win32", "cpu": "arm64" }, "sha512-UgKYx5PwEKrac3GPNPf6HVMNhUIGuUh4wlDFR2jYYdkX6pL/rn73zTq/4pzUm8fOjAn5L8zDeHp9iXmUGOXZ+w=="],

    "@tailwindcss/oxide-win32-x64-msvc": ["@tailwindcss/oxide-win32-x64-msvc@4.1.11", "", { "os": "win32", "cpu": "x64" }, "sha512-YfHoggn1j0LK7wR82TOucWc5LDCguHnoS879idHekmmiR7g9HUtMw9MI0NHatS28u/Xlkfi9w5RJWgz2Dl+5Qg=="],

    "@types/webrtc": ["@types/webrtc@0.0.37", "", {}, "sha512-JGAJC/ZZDhcrrmepU4sPLQLIOIAgs5oIK+Ieq90K8fdaNMhfdfqmYatJdgif1NDQtvrSlTOGJDUYHIDunuufOg=="],

    "agent-base": ["agent-base@6.0.2", "", { "dependencies": { "debug": "4" } }, "sha512-RZNwNclF7+MS/8bDg70amg32dyeZGZxiDuQmZxKLAlQjr3jGyLx+4Kkk58UO7D2QdgFIQCovuSuZESne6RG6XQ=="],

    "bent": ["bent@7.3.12", "", { "dependencies": { "bytesish": "^0.4.1", "caseless": "~0.12.0", "is-stream": "^2.0.0" } }, "sha512-T3yrKnVGB63zRuoco/7Ybl7BwwGZR0lceoVG5XmQyMIH9s19SV5m+a8qam4if0zQuAmOQTyPTPmsQBdAorGK3w=="],

    "braces": ["braces@3.0.3", "", { "dependencies": { "fill-range": "^7.1.1" } }, ""],

    "bytesish": ["bytesish@0.4.4", "", {}, "sha512-i4uu6M4zuMUiyfZN4RU2+i9+peJh//pXhd9x1oSe1LBkZ3LEbCoygu8W0bXTukU1Jme2txKuotpCZRaC3FLxcQ=="],

    "caseless": ["caseless@0.12.0", "", {}, "sha512-4tYFyifaFfGacoiObjJegolkwSU4xQNGbVgUiNYVUxbQ2x2lUsFvY4hVgVzGiIe6WLOPqycWXA40l+PWsxthUw=="],

    "chownr": ["chownr@3.0.0", "", {}, "sha512-+IxzY9BZOQd/XuYPRmrvEVjF/nqj5kgT4kEq7VofrDoM1MxoRjEWkrCC3EtLi59TVawxTAn+orJwFQcrqEN1+g=="],

    "debug": ["debug@4.4.0", "", { "dependencies": { "ms": "^2.1.3" } }, "sha512-6WTZ/IxCY/T6BALoZHaE4ctp9xm+Z5kY/pzYaCHRFeyVhojxlrm+46y68HA6hr0TcwEssoxNiDEUJQjfPZ/RYA=="],

    "detect-libc": ["detect-libc@1.0.3", "", { "bin": "bin/detect-libc.js" }, ""],

    "enhanced-resolve": ["enhanced-resolve@5.18.2", "", { "dependencies": { "graceful-fs": "^4.2.4", "tapable": "^2.2.0" } }, "sha512-6Jw4sE1maoRJo3q8MsSIn2onJFbLTOjY9hlx4DZXmOKvLRd1Ok2kXmAGXaafL2+ijsJZ1ClYbl/pmqr9+k4iUQ=="],

    "esbuild": ["esbuild@0.25.3", "", { "optionalDependencies": { "@esbuild/darwin-arm64": "0.25.3" }, "bin": "bin/esbuild" }, ""],

    "fill-range": ["fill-range@7.1.1", "", { "dependencies": { "to-regex-range": "^5.0.1" } }, ""],

    "framer-motion": ["framer-motion@12.17.0", "", { "dependencies": { "motion-dom": "^12.17.0", "motion-utils": "^12.12.1", "tslib": "^2.4.0" }, "peerDependencies": { "@emotion/is-prop-valid": "*", "react": "^18.0.0 || ^19.0.0", "react-dom": "^18.0.0 || ^19.0.0" }, "optionalPeers": ["@emotion/is-prop-valid", "react", "react-dom"] }, "sha512-2hISKgDk49yCLStwG1wf4Kdy/D6eBw9/eRNaWFIYoI9vMQ/Mqd1Fz+gzVlEtxJmtQ9y4IWnXm19/+UXD3dAYAA=="],

    "graceful-fs": ["graceful-fs@4.2.11", "", {}, "sha512-RbJ5/jmFcNNCcDV5o9eTnBLJ/HszWV0P73bc+Ff4nS/rJj+YaS6IGyiOL0VoBYX+l1Wrl3k63h/KrH+nhJ0XvQ=="],

    "https-proxy-agent": ["https-proxy-agent@4.0.0", "", { "dependencies": { "agent-base": "5", "debug": "4" } }, "sha512-zoDhWrkR3of1l9QAL8/scJZyLu8j/gBkcwcaQOZh7Gyh/+uJQzGVETdgT30akuwkpL8HTRfssqI3BZuV18teDg=="],

    "is-extglob": ["is-extglob@2.1.1", "", {}, ""],

    "is-glob": ["is-glob@4.0.3", "", { "dependencies": { "is-extglob": "^2.1.1" } }, ""],

    "is-number": ["is-number@7.0.0", "", {}, ""],

    "is-stream": ["is-stream@2.0.1", "", {}, "sha512-hFoiJiTl63nn+kstHGBtewWSKnQLpyb155KHheA1l39uvtO9nWIop1p3udqPcUd/xbF1VLMO4n7OI6p7RbngDg=="],

    "jiti": ["jiti@2.5.0", "", { "bin": "lib/jiti-cli.mjs" }, "sha512-NWDAhdnATItTnRhip9VTd8oXDjVcbhetRN6YzckApnXGxpGUooKMAaf0KVvlZG0+KlJMGkeLElVn4M1ReuxKUQ=="],

    "lightningcss": ["lightningcss@1.30.1", "", { "dependencies": { "detect-libc": "^2.0.3" }, "optionalDependencies": { "lightningcss-darwin-arm64": "1.30.1", "lightningcss-darwin-x64": "1.30.1", "lightningcss-freebsd-x64": "1.30.1", "lightningcss-linux-arm-gnueabihf": "1.30.1", "lightningcss-linux-arm64-gnu": "1.30.1", "lightningcss-linux-arm64-musl": "1.30.1", "lightningcss-linux-x64-gnu": "1.30.1", "lightningcss-linux-x64-musl": "1.30.1", "lightningcss-win32-arm64-msvc": "1.30.1", "lightningcss-win32-x64-msvc": "1.30.1" } }, "sha512-xi6IyHML+c9+Q3W0S4fCQJOym42pyurFiJUHEcEyHS0CeKzia4yZDEsLlqOFykxOdHpNy0NmvVO31vcSqAxJCg=="],

    "lightningcss-darwin-arm64": ["lightningcss-darwin-arm64@1.30.1", "", { "os": "darwin", "cpu": "arm64" }, "sha512-c8JK7hyE65X1MHMN+Viq9n11RRC7hgin3HhYKhrMyaXflk5GVplZ60IxyoVtzILeKr+xAJwg6zK6sjTBJ0FKYQ=="],

    "lightningcss-darwin-x64": ["lightningcss-darwin-x64@1.30.1", "", { "os": "darwin", "cpu": "x64" }, "sha512-k1EvjakfumAQoTfcXUcHQZhSpLlkAuEkdMBsI/ivWw9hL+7FtilQc0Cy3hrx0AAQrVtQAbMI7YjCgYgvn37PzA=="],

    "lightningcss-freebsd-x64": ["lightningcss-freebsd-x64@1.30.1", "", { "os": "freebsd", "cpu": "x64" }, "sha512-kmW6UGCGg2PcyUE59K5r0kWfKPAVy4SltVeut+umLCFoJ53RdCUWxcRDzO1eTaxf/7Q2H7LTquFHPL5R+Gjyig=="],

    "lightningcss-linux-arm-gnueabihf": ["lightningcss-linux-arm-gnueabihf@1.30.1", "", { "os": "linux", "cpu": "arm" }, "sha512-MjxUShl1v8pit+6D/zSPq9S9dQ2NPFSQwGvxBCYaBYLPlCWuPh9/t1MRS8iUaR8i+a6w7aps+B4N0S1TYP/R+Q=="],

    "lightningcss-linux-arm64-gnu": ["lightningcss-linux-arm64-gnu@1.30.1", "", { "os": "linux", "cpu": "arm64" }, "sha512-gB72maP8rmrKsnKYy8XUuXi/4OctJiuQjcuqWNlJQ6jZiWqtPvqFziskH3hnajfvKB27ynbVCucKSm2rkQp4Bw=="],

    "lightningcss-linux-arm64-musl": ["lightningcss-linux-arm64-musl@1.30.1", "", { "os": "linux", "cpu": "arm64" }, "sha512-jmUQVx4331m6LIX+0wUhBbmMX7TCfjF5FoOH6SD1CttzuYlGNVpA7QnrmLxrsub43ClTINfGSYyHe2HWeLl5CQ=="],

    "lightningcss-linux-x64-gnu": ["lightningcss-linux-x64-gnu@1.30.1", "", { "os": "linux", "cpu": "x64" }, "sha512-piWx3z4wN8J8z3+O5kO74+yr6ze/dKmPnI7vLqfSqI8bccaTGY5xiSGVIJBDd5K5BHlvVLpUB3S2YCfelyJ1bw=="],

    "lightningcss-linux-x64-musl": ["lightningcss-linux-x64-musl@1.30.1", "", { "os": "linux", "cpu": "x64" }, "sha512-rRomAK7eIkL+tHY0YPxbc5Dra2gXlI63HL+v1Pdi1a3sC+tJTcFrHX+E86sulgAXeI7rSzDYhPSeHHjqFhqfeQ=="],

    "lightningcss-win32-arm64-msvc": ["lightningcss-win32-arm64-msvc@1.30.1", "", { "os": "win32", "cpu": "arm64" }, "sha512-mSL4rqPi4iXq5YVqzSsJgMVFENoa4nGTT/GjO2c0Yl9OuQfPsIfncvLrEW6RbbB24WtZ3xP/2CCmI3tNkNV4oA=="],

    "lightningcss-win32-x64-msvc": ["lightningcss-win32-x64-msvc@1.30.1", "", { "os": "win32", "cpu": "x64" }, "sha512-PVqXh48wh4T53F/1CCu8PIPCxLzWyCnn/9T5W1Jpmdy5h9Cwd+0YQS6/LwhHXSafuc61/xg9Lv5OrCby6a++jg=="],

    "load-script": ["load-script@1.0.0", "", {}, "sha512-kPEjMFtZvwL9TaZo0uZ2ml+Ye9HUMmPwbYRJ324qF9tqMejwykJ5ggTyvzmrbBeapCAbk98BSbTeovHEEP1uCA=="],

    "magic-string": ["magic-string@0.30.17", "", { "dependencies": { "@jridgewell/sourcemap-codec": "^1.5.0" } }, "sha512-sNPKHvyjVf7gyjwS4xGTaW/mCnF8wnjtifKBEhxfZ7E/S8tQ0rssrwGNn6q8JH/ohItJfSQp9mBtQYuTlH5QnA=="],

    "micromatch": ["micromatch@4.0.8", "", { "dependencies": { "braces": "^3.0.3", "picomatch": "^2.3.1" } }, ""],

    "microsoft-cognitiveservices-speech-sdk": ["microsoft-cognitiveservices-speech-sdk@1.43.1", "", { "dependencies": { "@types/webrtc": "^0.0.37", "agent-base": "^6.0.1", "bent": "^7.3.12", "https-proxy-agent": "^4.0.0", "uuid": "^9.0.0", "ws": "^7.5.6" } }, "sha512-xO/rlhNSodzCNBtlA3edXDO0+8Q2tMG96nNsjE0JiyAR4Ul/qsZtM4iggTSi+Zax3JtYzrH7W+7349vdpJNaTA=="],

    "minipass": ["minipass@7.1.2", "", {}, "sha512-qOOzS1cBTWYF4BH8fVePDBOO9iptMnGUEZwNc/cMWnTV2nVLZ7VoNWEPHkYczZA0pdoA7dl6e7FL659nX9S2aw=="],

    "minizlib": ["minizlib@3.0.2", "", { "dependencies": { "minipass": "^7.1.2" } }, "sha512-oG62iEk+CYt5Xj2YqI5Xi9xWUeZhDI8jjQmC5oThVH5JGCTgIjr7ciJDzC7MBzYd//WvR1OTmP5Q38Q8ShQtVA=="],

    "mkdirp": ["mkdirp@3.0.1", "", { "bin": "dist/cjs/src/bin.js" }, "sha512-+NsyUUAZDmo6YVHzL/stxSu3t9YS1iljliy3BSDrXJ/dkn1KYdmtZODGGjLcc9XLgVVpH4KshHB8XmZgMhaBXg=="],

    "motion": ["motion@12.17.0", "", { "dependencies": { "framer-motion": "^12.17.0", "tslib": "^2.4.0" }, "peerDependencies": { "@emotion/is-prop-valid": "*", "react": "^18.0.0 || ^19.0.0", "react-dom": "^18.0.0 || ^19.0.0" }, "optionalPeers": ["@emotion/is-prop-valid", "react", "react-dom"] }, "sha512-04K87lcwuA1vK3CLpKegncbBq6y2dmQjUsp9iPz0SxFACdBtEHB3V120k0G/t1blHATFuoqMrrLELRljUdQCeg=="],

    "motion-dom": ["motion-dom@12.17.0", "", { "dependencies": { "motion-utils": "^12.12.1" } }, "sha512-FA6/c70R9NKs3g41XDVONzmUUrEmyaifLVGCWtAmHP0usDnX9W+RN/tmbC4EUl0w6yLGvMTOwnWCFVgA5luhRg=="],

    "motion-utils": ["motion-utils@12.12.1", "", {}, "sha512-f9qiqUHm7hWSLlNW8gS9pisnsN7CRFRD58vNjptKdsqFLpkVnX00TNeD6Q0d27V9KzT7ySFyK1TZ/DShfVOv6w=="],

    "mri": ["mri@1.2.0", "", {}, ""],

    "ms": ["ms@2.1.3", "", {}, "sha512-6FlzubTLZG3J2a/NVCAleEhjzq5oxgHyaCU9yYXvcLsvoVaHJq/s5xXI6/XXP6tz7R9xAOtHnSO/tXtF3WRTlA=="],

    "node-addon-api": ["node-addon-api@7.1.1", "", {}, ""],

    "picocolors": ["picocolors@1.1.1", "", {}, ""],

    "picomatch": ["picomatch@2.3.1", "", {}, ""],

    "sister": ["sister@3.0.2", "", {}, "sha512-p19rtTs+NksBRKW9qn0UhZ8/TUI9BPw9lmtHny+Y3TinWlOa9jWh9xB0AtPSdmOy49NJJJSSe0Ey4C7h0TrcYA=="],

    "sortablejs": ["sortablejs@1.15.6", "", {}, "sha512-aNfiuwMEpfBM/CN6LY0ibyhxPfPbyFeBTYJKCvzkJ2GkUpazIt3H+QIPAMHwqQ7tMKaHz1Qj+rJJCqljnf4p3A=="],

    "source-map-js": ["source-map-js@1.2.1", "", {}, "sha512-UXWMKhLOwVKb728IUtQPXxfYU+usdybtUrK/8uGE8CQMvrhOpwvzDBwj0QhSL7MQc7vIsISBG8VQ8+IDQxpfQA=="],

    "swiper": ["swiper@11.2.8", "", {}, "sha512-S5FVf6zWynPWooi7pJ7lZhSUe2snTzqLuUzbd5h5PHUOhzgvW0bLKBd2wv0ixn6/5o9vwc/IkQT74CRcLJQzeg=="],

    "tailwindcss": ["tailwindcss@4.1.11", "", {}, "sha512-2E9TBm6MDD/xKYe+dvJZAmg3yxIEDNRc0jwlNyDg/4Fil2QcSLjFKGVff0lAf1jjeaArlG/M75Ey/EYr/OJtBA=="],

    "tapable": ["tapable@2.2.2", "", {}, "sha512-Re10+NauLTMCudc7T5WLFLAwDhQ0JWdrMK+9B2M8zR5hRExKmsRDCBA7/aV/pNJFltmBFO5BAMlQFi/vq3nKOg=="],

    "tar": ["tar@7.4.3", "", { "dependencies": { "@isaacs/fs-minipass": "^4.0.0", "chownr": "^3.0.0", "minipass": "^7.1.2", "minizlib": "^3.0.1", "mkdirp": "^3.0.1", "yallist": "^5.0.0" } }, "sha512-5S7Va8hKfV7W5U6g3aYxXmlPoZVAwUMy9AOKyF2fVuZa2UD3qZjg578OrLRt8PcNN1PleVaL/5/yYATNL0ICUw=="],

    "to-regex-range": ["to-regex-range@5.0.1", "", { "dependencies": { "is-number": "^7.0.0" } }, ""],

    "tslib": ["tslib@2.8.1", "", {}, "sha512-oJFu94HQb+KVduSUQL7wnpmqnfmLsOA/nAh6b6EH0wCEoK0/mPeXU6c3wKDV83MkOuHPRHtSXKKU99IBazS/2w=="],

    "uuid": ["uuid@9.0.1", "", { "bin": "dist/bin/uuid" }, "sha512-b+1eJOlsR9K8HJpow9Ok3fiWOWSIcIzXodvv0rQjVoOVNpWMpxf1wZNpt4y9h10odCNrqnYp1OBzRktckBe3sA=="],

    "ws": ["ws@7.5.10", "", { "peerDependencies": { "bufferutil": "^4.0.1", "utf-8-validate": "^5.0.2" }, "optionalPeers": ["bufferutil", "utf-8-validate"] }, "sha512-+dbF1tHwZpXcbOJdVOkzLDxZP1ailvSxM6ZweXTegylPny803bFhA+vqBYw4s31NSAk4S2Qz+AKXK9a4wkdjcQ=="],

    "yallist": ["yallist@5.0.0", "", {}, "sha512-YgvUTfwqyc7UXVMrB+SImsVYSmTS8X/tSrtdNZMImM+n7+QTriRXyXim0mBrTXNeqzVF0KWGgHPeiyViFFrNDw=="],

    "youtube-player": ["youtube-player@5.6.0", "", { "dependencies": { "debug": "^4.3.4", "load-script": "^1.0.0", "sister": "^3.0.0" } }, "sha512-x95fBbxV7eZ1ZsFtMLMcSGX0Jb/GPPj69RsooyEDVa9bzvvNZ4d5VjnBVBYoY85008VefkLvtaV+b+l38R/LMQ=="],

    "@tailwindcss/oxide/detect-libc": ["detect-libc@2.0.4", "", {}, "sha512-3UDv+G9CsCKO1WKMGw9fwq/SWJYbI0c5Y7LU1AXYoDdbhE2AHQ6N6Nb34sG8Fj7T5APy8qXDCKuuIHd1BR0tVA=="],

    "https-proxy-agent/agent-base": ["agent-base@5.1.1", "", {}, "sha512-TMeqbNl2fMW0nMjTEPOwe3J/PRFP4vqeoNuQMG0HlMrtm5QxKqdvAkZ1pRBQ/ulIyDD5Yq0nJ7YbdD8ey0TO3g=="],

    "lightningcss/detect-libc": ["detect-libc@2.0.4", "", {}, "sha512-3UDv+G9CsCKO1WKMGw9fwq/SWJYbI0c5Y7LU1AXYoDdbhE2AHQ6N6Nb34sG8Fj7T5APy8qXDCKuuIHd1BR0tVA=="],
  }
}
